
Microsoft Visual Studio Solution File, Format Version 12.00
# Visual Studio 14
VisualStudioVersion = 14.0.25420.1
MinimumVisualStudioVersion = 10.0.40219.1
Project("{FAE04EC0-301F-11D3-BF4B-00C04F79EFBC}") = "library", "library\library.csproj", "{B06B3308-F5EF-4D1A-A889-4E9B13F4F110}"
EndProject
Global
	GlobalSection(SolutionConfigurationPlatforms) = preSolution
		Debug|Any CPU = Debug|Any CPU
		Release|Any CPU = Release|Any CPU
	EndGlobalSection
	GlobalSection(ProjectConfigurationPlatforms) = postSolution
		{B06B3308-F5EF-4D1A-A889-4E9B13F4F110}.Debug|Any CPU.ActiveCfg = Debug|Any CPU
		{B06B3308-F5EF-4D1A-A889-4E9B13F4F110}.Debug|Any CPU.Build.0 = Debug|Any CPU
		{B06B3308-F5EF-4D1A-A889-4E9B13F4F110}.Release|Any CPU.ActiveCfg = Release|Any CPU
		{B06B3308-F5EF-4D1A-A889-4E9B13F4F110}.Release|Any CPU.Build.0 = Release|Any CPU
	EndGlobalSection
	GlobalSection(SolutionProperties) = preSolution
		HideSolutionNode = FALSE
	EndGlobalSection
EndGlobal
